{
  "nodes": {
    "disko": {
      "inputs": {
        "nixpkgs": [
          "xnodeos",
          "nixpkgs"
        ]
      },
      "locked": {
        "lastModified": 1768920986,
        "narHash": "sha256-CNzzBsRhq7gg4BMBuTDObiWDH/rFYHEuDRVOwCcwXw4=",
        "owner": "nix-community",
        "repo": "disko",
        "rev": "de5708739256238fb912c62f03988815db89ec9a",
        "type": "github"
      },
      "original": {
        "owner": "nix-community",
        "ref": "latest",
        "repo": "disko",
        "type": "github"
      }
    },
    "flake-utils": {
      "inputs": {
        "systems": "systems"
      },
      "locked": {
        "lastModified": 1731533236,
        "narHash": "sha256-l0KFg5HjrsfsO/JpG+r7fRrqm12kzFHyUHqHCVpMMbI=",
        "owner": "numtide",
        "repo": "flake-utils",
        "rev": "11707dc2f618dd54ca8739b309ec4fc024de578b",
        "type": "github"
      },
      "original": {
        "owner": "numtide",
        "repo": "flake-utils",
        "type": "github"
      }
    },
    "home-manager": {
      "inputs": {
        "nixpkgs": [
          "openclaw",
          "nixpkgs"
        ]
      },
      "locked": {
        "lastModified": 1767909183,
        "narHash": "sha256-u/bcU0xePi5bgNoRsiqSIwaGBwDilKKFTz3g0hqOBAo=",
        "owner": "nix-community",
        "repo": "home-manager",
        "rev": "cd6e96d56ed4b2a779ac73a1227e0bb1519b3509",
        "type": "github"
      },
      "original": {
        "owner": "nix-community",
        "repo": "home-manager",
        "type": "github"
      }
    },
    "nix-steipete-tools": {
      "inputs": {
        "nixpkgs": "nixpkgs"
      },
      "locked": {
        "lastModified": 1773561580,
        "narHash": "sha256-wT0bKTp45YnMkc4yXQvk943Zz/rksYiIjEXGdWzxnic=",
        "owner": "openclaw",
        "repo": "nix-steipete-tools",
        "rev": "cd4c429ff3b3aaef9f92e59812cf2baf5704b86f",
        "type": "github"
      },
      "original": {
        "owner": "openclaw",
        "repo": "nix-steipete-tools",
        "type": "github"
      }
    },
    "nixpkgs": {
      "locked": {
        "lastModified": 1767364772,
        "narHash": "sha256-fFUnEYMla8b7UKjijLnMe+oVFOz6HjijGGNS1l7dYaQ=",
        "owner": "NixOS",
        "repo": "nixpkgs",
        "rev": "16c7794d0a28b5a37904d55bcca36003b9109aaa",
        "type": "github"
      },
      "original": {
        "owner": "NixOS",
        "ref": "nixpkgs-unstable",
        "repo": "nixpkgs",
        "type": "github"
      }
    },
    "nixpkgs_2": {
      "locked": {
        "lastModified": 1767767207,
        "narHash": "sha256-Mj3d3PfwltLmukFal5i3fFt27L6NiKXdBezC1EBuZs4=",
        "owner": "NixOS",
        "repo": "nixpkgs",
        "rev": "5912c1772a44e31bf1c63c0390b90501e5026886",
        "type": "github"
      },
      "original": {
        "owner": "NixOS",
        "ref": "nixos-unstable",
        "repo": "nixpkgs",
        "type": "github"
      }
    },
    "openclaw": {
      "inputs": {
        "flake-utils": "flake-utils",
        "home-manager": "home-manager",
        "nix-steipete-tools": "nix-steipete-tools",
        "nixpkgs": "nixpkgs_2"
      },
      "locked": {
        "lastModified": 1776183358,
        "narHash": "sha256-uRWaRXGhkyGWMbNgQcmx0+RPzPLenVGopkNHgAEfmBQ=",
        "owner": "openclaw",
        "repo": "nix-openclaw",
        "rev": "53aac0dce0810c40c75793fdad3d41b0f7e7baaf",
        "type": "github"
      },
      "original": {
        "owner": "openclaw",
        "repo": "nix-openclaw",
        "type": "github"
      }
    },
    "root": {
      "inputs": {
        "nixpkgs": [
          "openclaw",
          "nixpkgs"
        ],
        "openclaw": "openclaw",
        "xnodeos": "xnodeos"
      }
    },
    "systems": {
      "locked": {
        "lastModified": 1681028828,
        "narHash": "sha256-Vy1rq5AaRuLzOxct8nz4T6wlgyUR7zLU309k9mBC768=",
        "owner": "nix-systems",
        "repo": "default",
        "rev": "da67096a3b9bf56a91d16901293e51ba5b49a27e",
        "type": "github"
      },
      "original": {
        "owner": "nix-systems",
        "repo": "default",
        "type": "github"
      }
    },
    "systems_2": {
      "locked": {
        "lastModified": 1681028828,
        "narHash": "sha256-Vy1rq5AaRuLzOxct8nz4T6wlgyUR7zLU309k9mBC768=",
        "owner": "nix-systems",
        "repo": "default",
        "rev": "da67096a3b9bf56a91d16901293e51ba5b49a27e",
        "type": "github"
      },
      "original": {
        "owner": "nix-systems",
        "repo": "default",
        "type": "github"
      }
    },
    "systems_3": {
      "locked": {
        "lastModified": 1681028828,
        "narHash": "sha256-Vy1rq5AaRuLzOxct8nz4T6wlgyUR7zLU309k9mBC768=",
        "owner": "nix-systems",
        "repo": "default",
        "rev": "da67096a3b9bf56a91d16901293e51ba5b49a27e",
        "type": "github"
      },
      "original": {
        "owner": "nix-systems",
        "repo": "default",
        "type": "github"
      }
    },
    "xnode-auth": {
      "inputs": {
        "nixpkgs": [
          "xnodeos",
          "nixpkgs"
        ],
        "systems": "systems_2"
      },
      "locked": {
        "lastModified": 1775225981,
        "narHash": "sha256-9+t7/xjW2XmGwx5E2foWNH7pjvMj190nsgZu+rHM3CU=",
        "owner": "Openmesh-Network",
        "repo": "xnode-auth",
        "rev": "e95f1961341c8fc1732e946fbe081edafef93cc2",
        "type": "github"
      },
      "original": {
        "owner": "Openmesh-Network",
        "ref": "dev",
        "repo": "xnode-auth",
        "type": "github"
      }
    },
    "xnode-manager": {
      "inputs": {
        "nixpkgs": [
          "xnodeos",
          "nixpkgs"
        ],
        "systems": "systems_3"
      },
      "locked": {
        "lastModified": 1777271024,
        "narHash": "sha256-WFBoDLpEtswsNVsTr0i1ngaDI37m4+cBhDFkBZWY+3c=",
        "owner": "Openmesh-Network",
        "repo": "xnode-manager",
        "rev": "2160c724c5ec0d1c3168728b4615524f716747f0",
        "type": "github"
      },
      "original": {
        "owner": "Openmesh-Network",
        "ref": "WIP",
        "repo": "xnode-manager",
        "type": "github"
      }
    },
    "xnodeos": {
      "inputs": {
        "disko": "disko",
        "nixpkgs": [
          "nixpkgs"
        ],
        "xnode-auth": "xnode-auth",
        "xnode-manager": "xnode-manager"
      },
      "locked": {
        "lastModified": 1777290687,
        "narHash": "sha256-8IwD98/si/X2LENokzR01E5zMxaigdqrXJ61irU3fPw=",
        "owner": "Openmesh-Network",
        "repo": "xnodeos",
        "rev": "330bf5bd5dc6ec6ec1942f57f3ee5d2d31fe6159",
        "type": "github"
      },
      "original": {
        "owner": "Openmesh-Network",
        "ref": "WIP",
        "repo": "xnodeos",
        "type": "github"
      }
    }
  },
  "root": "root",
  "version": 7
}
